
Microsoft Visual Studio Solution File, Format Version 12.00
# Visual Studio Version 17
VisualStudioVersion = 17.7.34024.191
MinimumVisualStudioVersion = 10.0.40219.1
Project("{FAE04EC0-301F-11D3-BF4B-00C04F79EFBC}") = "P520233_ByronGomez", "P520233_ByronGomez\P520233_ByronGomez.csproj", "{0E7571FF-1E88-471A-8A6B-C139C035258D}"
	ProjectSection(ProjectDependencies) = postProject
		{CC439A99-979A-4D40-B5CB-AD16AD9288C4} = {CC439A99-979A-4D40-B5CB-AD16AD9288C4}
	EndProjectSection
EndProject
Project("{FAE04EC0-301F-11D3-BF4B-00C04F79EFBC}") = "Logica", "Logica\Logica.csproj", "{CC439A99-979A-4D40-B5CB-AD16AD9288C4}"
EndProject
Global
	GlobalSection(SolutionConfigurationPlatforms) = preSolution
		Debug|Any CPU = Debug|Any CPU
		Release|Any CPU = Release|Any CPU
	EndGlobalSection
	GlobalSection(ProjectConfigurationPlatforms) = postSolution
		{0E7571FF-1E88-471A-8A6B-C139C035258D}.Debug|Any CPU.ActiveCfg = Debug|Any CPU
		{0E7571FF-1E88-471A-8A6B-C139C035258D}.Debug|Any CPU.Build.0 = Debug|Any CPU
		{0E7571FF-1E88-471A-8A6B-C139C035258D}.Release|Any CPU.ActiveCfg = Release|Any CPU
		{0E7571FF-1E88-471A-8A6B-C139C035258D}.Release|Any CPU.Build.0 = Release|Any CPU
		{CC439A99-979A-4D40-B5CB-AD16AD9288C4}.Debug|Any CPU.ActiveCfg = Debug|Any CPU
		{CC439A99-979A-4D40-B5CB-AD16AD9288C4}.Debug|Any CPU.Build.0 = Debug|Any CPU
		{CC439A99-979A-4D40-B5CB-AD16AD9288C4}.Release|Any CPU.ActiveCfg = Release|Any CPU
		{CC439A99-979A-4D40-B5CB-AD16AD9288C4}.Release|Any CPU.Build.0 = Release|Any CPU
	EndGlobalSection
	GlobalSection(SolutionProperties) = preSolution
		HideSolutionNode = FALSE
	EndGlobalSection
	GlobalSection(ExtensibilityGlobals) = postSolution
		SolutionGuid = {99852083-1BC4-461B-A4B8-E25B089A330A}
	EndGlobalSection
EndGlobal
